
Microsoft Visual Studio Solution File, Format Version 12.00
# Visual Studio Version 17
VisualStudioVersion = 17.4.33205.214
MinimumVisualStudioVersion = 10.0.40219.1
Project("{FAE04EC0-301F-11D3-BF4B-00C04F79EFBC}") = "Examiner", "Examiner\Examiner.csproj", "{3206F5E1-18F1-44B6-8C02-B9A64802AD1E}"
EndProject
Global
	GlobalSection(SolutionConfigurationPlatforms) = preSolution
		Debug|Any CPU = Debug|Any CPU
		Release|Any CPU = Release|Any CPU
	EndGlobalSection
	GlobalSection(ProjectConfigurationPlatforms) = postSolution
		{3206F5E1-18F1-44B6-8C02-B9A64802AD1E}.Debug|Any CPU.ActiveCfg = Release|Any CPU
		{3206F5E1-18F1-44B6-8C02-B9A64802AD1E}.Debug|Any CPU.Build.0 = Release|Any CPU
		{3206F5E1-18F1-44B6-8C02-B9A64802AD1E}.Release|Any CPU.ActiveCfg = Release|Any CPU
		{3206F5E1-18F1-44B6-8C02-B9A64802AD1E}.Release|Any CPU.Build.0 = Release|Any CPU
	EndGlobalSection
	GlobalSection(SolutionProperties) = preSolution
		HideSolutionNode = FALSE
	EndGlobalSection
	GlobalSection(ExtensibilityGlobals) = postSolution
		SolutionGuid = {99A3E256-4E9B-44A8-A4E8-CCA7E715485E}
	EndGlobalSection
EndGlobal
